{
    "_meta": {
        "hash": {
            "sha256": "3e2b94f5c57c6e63e0dd1dfa8bb6c57dce90a1130254b45b53063ecf0db1f322"
        },
        "pipfile-spec": 6,
        "requires": {
            "python_version": "3.12"
        },
        "sources": [
            {
                "name": "pypi",
                "url": "https://pypi.org/simple",
                "verify_ssl": true
            }
        ]
    },
    "default": {
        "datetime": {
            "hashes": [
                "sha256:0abf6c51cb4ba7cee775ca46ccc727f3afdde463be28dbbe8803631fefd4a120",
                "sha256:21ec6331f87a7fcb57bd7c59e8a68bfffe6fcbf5acdbbc7b356d6a9a020191d3"
            ],
            "index": "pypi",
            "markers": "python_version >= '3.7'",
            "version": "==5.5"
        },
        "pytz": {
            "hashes": [
                "sha256:2aa355083c50a0f93fa581709deac0c9ad65cca8a9e9beac660adcbd493c798a",
                "sha256:31c7c1817eb7fae7ca4b8c7ee50c72f93aa2dd863de768e1ef4245d426aa0725"
            ],
            "version": "==2024.2"
        },
        "setuptools": {
            "hashes": [
                "sha256:8199222558df7c86216af4f84c30e9b34a61d8ba19366cc914424cdbd28252f6",
                "sha256:ce74b49e8f7110f9bf04883b730f4765b774ef3ef28f722cce7c273d253aaf7d"
            ],
            "markers": "python_version >= '3.9'",
            "version": "==75.6.0"
        },
        "zope.interface": {
            "hashes": [
                "sha256:0de23bcb93401994ea00bc5c677ef06d420340ac0a4e9c10d80e047b9ce5af3f",
                "sha256:179ad46ece518c9084cb272e4a69d266b659f7f8f48e51706746c2d8a426433e",
                "sha256:190eeec67e023d5aac54d183fa145db0b898664234234ac54643a441da434616",
                "sha256:1a2ed0852c25950cf430067f058f8d98df6288502ac313861d9803fe7691a9b3",
                "sha256:1c4e1b4c06d9abd1037c088dae1566c85f344a3e6ae4350744c3f7f7259d9c67",
                "sha256:1d0e23c6b746eb8ce04573cc47bcac60961ac138885d207bd6f57e27a1431ae8",
                "sha256:2317e1d4dba68203a5227ea3057f9078ec9376275f9700086b8f0ffc0b358e1b",
                "sha256:2d553e02b68c0ea5a226855f02edbc9eefd99f6a8886fa9f9bdf999d77f46585",
                "sha256:3603ef82a9920bd0bfb505423cb7e937498ad971ad5a6141841e8f76d2fd5446",
                "sha256:3defc925c4b22ac1272d544a49c6ba04c3eefcce3200319ee1be03d9270306dd",
                "sha256:3e59f175e868f856a77c0a77ba001385c377df2104fdbda6b9f99456a01e102a",
                "sha256:4284d664ef0ff7b709836d4de7b13d80873dc5faeffc073abdb280058bfac5e3",
                "sha256:55c373becbd36a44d0c9be1d5271422fdaa8562d158fb44b4192297b3c67096c",
                "sha256:5836b8fb044c6e75ba34dfaabc602493019eadfa0faf6ff25f4c4c356a71a853",
                "sha256:5cdb7e7e5524b76d3ec037c1d81a9e2c7457b240fd4cb0a2476b65c3a5a6c81f",
                "sha256:6650bd56ef350d37c8baccfd3ee8a0483ed6f8666e641e4b9ae1a1827b79f9e5",
                "sha256:7395f13533318f150ee72adb55b29284b16e73b6d5f02ab21f173b3e83f242b8",
                "sha256:7720322763aceb5e0a7cadcc38c67b839efe599f0887cbf6c003c55b1458c501",
                "sha256:7cd5e3d910ac87652a09f6e5db8e41bc3b49cf08ddd2d73d30afc644801492cd",
                "sha256:81744a7e61b598ebcf4722ac56a7a4f50502432b5b4dc7eb29075a89cf82d029",
                "sha256:84e87eba6b77a3af187bae82d8de1a7c208c2a04ec9f6bd444fd091b811ad92e",
                "sha256:8d0fe45be57b5219aa4b96e846631c04615d5ef068146de5a02ccd15c185321f",
                "sha256:9595e478047ce752b35cfa221d7601a5283ccdaab40422e0dc1d4a334c70f580",
                "sha256:99c14f0727c978639139e6cad7a60e82b7720922678d75aacb90cf4ef74a068c",
                "sha256:9b1eed7670d564f1025d7cda89f99f216c30210e42e95de466135be0b4a499d9",
                "sha256:9fad9bd5502221ab179f13ea251cb30eef7cf65023156967f86673aff54b53a0",
                "sha256:ad339509dcfbbc99bf8e147db6686249c4032f26586699ec4c82f6e5909c9fe2",
                "sha256:bcbeb44fc16e0078b3b68a95e43f821ae34dcbf976dde6985141838a5f23dd3d",
                "sha256:c8e7b05dc6315a193cceaec071cc3cf1c180cea28808ccded0b1283f1c38ba73",
                "sha256:ca95594d936ee349620900be5b46c0122a1ff6ce42d7d5cb2cf09dc84071ef16",
                "sha256:d029fac6a80edae80f79c37e5e3abfa92968fe921886139b3ee470a1b177321a",
                "sha256:d17e7fc814eaab93409b80819fd6d30342844345c27f3bc3c4b43c2425a8d267",
                "sha256:d6821ef9870f32154da873fcde439274f99814ea452dd16b99fa0b66345c4b6b",
                "sha256:e6503534b52bb1720ace9366ee30838a58a3413d3e197512f3338c8f34b5d89d",
                "sha256:ed1df8cc01dd1e3970666a7370b8bfc7457371c58ba88c57bd5bca17ab198053",
                "sha256:f1d52d052355e0c5c89e0630dd2ff7c0b823fd5f56286a663e92444761b35e25",
                "sha256:f85b290e5b8b11814efb0d004d8ce6c9a483c35c462e8d9bf84abb93e79fa770"
            ],
            "markers": "python_version >= '3.8'",
            "version": "==7.1.1"
        }
    },
    "develop": {}
}
