{
    "_meta": {
        "hash": {
            "sha256": "f69a4a3c4d302ecfced9126f10111bafd35737aa7948fb35cbd8dba6112e7db9"
        },
        "pipfile-spec": 6,
        "requires": {
            "python_version": "3.9"
        },
        "sources": [
            {
                "name": "pypi",
                "url": "https://pypi.org/simple",
                "verify_ssl": true
            }
        ]
    },
    "default": {},
    "develop": {}
}
